// !$*UTF8*$!
{
	archiveVersion = 1;
	classes = {
	};
	objectVersion = 48;
	objects = {

/* Begin PBXBuildFile section */
		3A3103C52026833700253DE8 /* playVC.swift in Sources */ = {isa = PBXBuildFile; fileRef = 3A3103C42026833700253DE8 /* playVC.swift */; };
		3A3FF21C20267FBC00707BEF /* ruleVC.swift in Sources */ = {isa = PBXBuildFile; fileRef = 3A3FF21B20267FBC00707BEF /* ruleVC.swift */; };
		3A5A475B20259D5E004FE06D /* AppDelegate.swift in Sources */ = {isa = PBXBuildFile; fileRef = 3A5A475A20259D5E004FE06D /* AppDelegate.swift */; };
		3A5A475D20259D5E004FE06D /* ViewController.swift in Sources */ = {isa = PBXBuildFile; fileRef = 3A5A475C20259D5E004FE06D /* ViewController.swift */; };
		3A5A476020259D5E004FE06D /* Main.storyboard in Resources */ = {isa = PBXBuildFile; fileRef = 3A5A475E20259D5E004FE06D /* Main.storyboard */; };
		3A5A476320259D5E004FE06D /* Namit.xcdatamodeld in Sources */ = {isa = PBXBuildFile; fileRef = 3A5A476120259D5E004FE06D /* Namit.xcdatamodeld */; };
		3A5A476520259D5E004FE06D /* Assets.xcassets in Resources */ = {isa = PBXBuildFile; fileRef = 3A5A476420259D5E004FE06D /* Assets.xcassets */; };
		3A5A476820259D5E004FE06D /* LaunchScreen.storyboard in Resources */ = {isa = PBXBuildFile; fileRef = 3A5A476620259D5E004FE06D /* LaunchScreen.storyboard */; };
		3A5A477320259D5E004FE06D /* NamitTests.swift in Sources */ = {isa = PBXBuildFile; fileRef = 3A5A477220259D5E004FE06D /* NamitTests.swift */; };
		3A5A477E20259D5E004FE06D /* NamitUITests.swift in Sources */ = {isa = PBXBuildFile; fileRef = 3A5A477D20259D5E004FE06D /* NamitUITests.swift */; };
		3A5A478C2025A47A004FE06D /* settingVC.swift in Sources */ = {isa = PBXBuildFile; fileRef = 3A5A478B2025A47A004FE06D /* settingVC.swift */; };
		3AA43C9A2026DBBB00D98218 /* Time.swift in Sources */ = {isa = PBXBuildFile; fileRef = 3AA43C992026DBBB00D98218 /* Time.swift */; };
/* End PBXBuildFile section */

/* Begin PBXContainerItemProxy section */
		3A5A476F20259D5E004FE06D /* PBXContainerItemProxy */ = {
			isa = PBXContainerItemProxy;
			containerPortal = 3A5A474F20259D5E004FE06D /* Project object */;
			proxyType = 1;
			remoteGlobalIDString = 3A5A475620259D5E004FE06D;
			remoteInfo = Namit;
		};
		3A5A477A20259D5E004FE06D /* PBXContainerItemProxy */ = {
			isa = PBXContainerItemProxy;
			containerPortal = 3A5A474F20259D5E004FE06D /* Project object */;
			proxyType = 1;
			remoteGlobalIDString = 3A5A475620259D5E004FE06D;
			remoteInfo = Namit;
		};
/* End PBXContainerItemProxy section */

/* Begin PBXFileReference section */
		3A3103C42026833700253DE8 /* playVC.swift */ = {isa = PBXFileReference; lastKnownFileType = sourcecode.swift; path = playVC.swift; sourceTree = "<group>"; };
		3A3FF21B20267FBC00707BEF /* ruleVC.swift */ = {isa = PBXFileReference; lastKnownFileType = sourcecode.swift; path = ruleVC.swift; sourceTree = "<group>"; };
		3A5A475720259D5E004FE06D /* Namit.app */ = {isa = PBXFileReference; explicitFileType = wrapper.application; includeInIndex = 0; path = Namit.app; sourceTree = BUILT_PRODUCTS_DIR; };
		3A5A475A20259D5E004FE06D /* AppDelegate.swift */ = {isa = PBXFileReference; lastKnownFileType = sourcecode.swift; path = AppDelegate.swift; sourceTree = "<group>"; };
		3A5A475C20259D5E004FE06D /* ViewController.swift */ = {isa = PBXFileReference; lastKnownFileType = sourcecode.swift; path = ViewController.swift; sourceTree = "<group>"; };
		3A5A475F20259D5E004FE06D /* Base */ = {isa = PBXFileReference; lastKnownFileType = file.storyboard; name = Base; path = Base.lproj/Main.storyboard; sourceTree = "<group>"; };
		3A5A476220259D5E004FE06D /* Namit.xcdatamodel */ = {isa = PBXFileReference; lastKnownFileType = wrapper.xcdatamodel; path = Namit.xcdatamodel; sourceTree = "<group>"; };
		3A5A476420259D5E004FE06D /* Assets.xcassets */ = {isa = PBXFileReference; lastKnownFileType = folder.assetcatalog; path = Assets.xcassets; sourceTree = "<group>"; };
		3A5A476720259D5E004FE06D /* Base */ = {isa = PBXFileReference; lastKnownFileType = file.storyboard; name = Base; path = Base.lproj/LaunchScreen.storyboard; sourceTree = "<group>"; };
		3A5A476920259D5E004FE06D /* Info.plist */ = {isa = PBXFileReference; lastKnownFileType = text.plist.xml; path = Info.plist; sourceTree = "<group>"; };
		3A5A476E20259D5E004FE06D /* NamitTests.xctest */ = {isa = PBXFileReference; explicitFileType = wrapper.cfbundle; includeInIndex = 0; path = NamitTests.xctest; sourceTree = BUILT_PRODUCTS_DIR; };
		3A5A477220259D5E004FE06D /* NamitTests.swift */ = {isa = PBXFileReference; lastKnownFileType = sourcecode.swift; path = NamitTests.swift; sourceTree = "<group>"; };
		3A5A477420259D5E004FE06D /* Info.plist */ = {isa = PBXFileReference; lastKnownFileType = text.plist.xml; path = Info.plist; sourceTree = "<group>"; };
		3A5A477920259D5E004FE06D /* NamitUITests.xctest */ = {isa = PBXFileReference; explicitFileType = wrapper.cfbundle; includeInIndex = 0; path = NamitUITests.xctest; sourceTree = BUILT_PRODUCTS_DIR; };
		3A5A477D20259D5E004FE06D /* NamitUITests.swift */ = {isa = PBXFileReference; lastKnownFileType = sourcecode.swift; path = NamitUITests.swift; sourceTree = "<group>"; };
		3A5A477F20259D5E004FE06D /* Info.plist */ = {isa = PBXFileReference; lastKnownFileType = text.plist.xml; path = Info.plist; sourceTree = "<group>"; };
		3A5A478B2025A47A004FE06D /* settingVC.swift */ = {isa = PBXFileReference; lastKnownFileType = sourcecode.swift; path = settingVC.swift; sourceTree = "<group>"; };
		3AA43C992026DBBB00D98218 /* Time.swift */ = {isa = PBXFileReference; lastKnownFileType = sourcecode.swift; path = Time.swift; sourceTree = "<group>"; };
/* End PBXFileReference section */

/* Begin PBXFrameworksBuildPhase section */
		3A5A475420259D5E004FE06D /* Frameworks */ = {
			isa = PBXFrameworksBuildPhase;
			buildActionMask = 2147483647;
			files = (
			);
			runOnlyForDeploymentPostprocessing = 0;
		};
		3A5A476B20259D5E004FE06D /* Frameworks */ = {
			isa = PBXFrameworksBuildPhase;
			buildActionMask = 2147483647;
			files = (
			);
			runOnlyForDeploymentPostprocessing = 0;
		};
		3A5A477620259D5E004FE06D /* Frameworks */ = {
			isa = PBXFrameworksBuildPhase;
			buildActionMask = 2147483647;
			files = (
			);
			runOnlyForDeploymentPostprocessing = 0;
		};
/* End PBXFrameworksBuildPhase section */

/* Begin PBXGroup section */
		3A3103C32026831E00253DE8 /* Play Page */ = {
			isa = PBXGroup;
			children = (
				3A3103C42026833700253DE8 /* playVC.swift */,
				3AA43C992026DBBB00D98218 /* Time.swift */,
			);
			path = "Play Page";
			sourceTree = "<group>";
		};
		3A3FF21820267F3B00707BEF /* Home Page */ = {
			isa = PBXGroup;
			children = (
				3A5A475C20259D5E004FE06D /* ViewController.swift */,
			);
			path = "Home Page";
			sourceTree = "<group>";
		};
		3A3FF21920267F4400707BEF /* Settings Page */ = {
			isa = PBXGroup;
			children = (
				3A5A478B2025A47A004FE06D /* settingVC.swift */,
			);
			path = "Settings Page";
			sourceTree = "<group>";
		};
		3A3FF21A20267F5200707BEF /* Rules Page */ = {
			isa = PBXGroup;
			children = (
				3A3FF21B20267FBC00707BEF /* ruleVC.swift */,
			);
			path = "Rules Page";
			sourceTree = "<group>";
		};
		3A5A474E20259D5E004FE06D = {
			isa = PBXGroup;
			children = (
				3A5A475920259D5E004FE06D /* Namit */,
				3A5A477120259D5E004FE06D /* NamitTests */,
				3A5A477C20259D5E004FE06D /* NamitUITests */,
				3A5A475820259D5E004FE06D /* Products */,
			);
			sourceTree = "<group>";
		};
		3A5A475820259D5E004FE06D /* Products */ = {
			isa = PBXGroup;
			children = (
				3A5A475720259D5E004FE06D /* Namit.app */,
				3A5A476E20259D5E004FE06D /* NamitTests.xctest */,
				3A5A477920259D5E004FE06D /* NamitUITests.xctest */,
			);
			name = Products;
			sourceTree = "<group>";
		};
		3A5A475920259D5E004FE06D /* Namit */ = {
			isa = PBXGroup;
			children = (
				3A3103C32026831E00253DE8 /* Play Page */,
				3A3FF21820267F3B00707BEF /* Home Page */,
				3A3FF21920267F4400707BEF /* Settings Page */,
				3A3FF21A20267F5200707BEF /* Rules Page */,
				3A5A475A20259D5E004FE06D /* AppDelegate.swift */,
				3A5A475E20259D5E004FE06D /* Main.storyboard */,
				3A5A476420259D5E004FE06D /* Assets.xcassets */,
				3A5A476620259D5E004FE06D /* LaunchScreen.storyboard */,
				3A5A476920259D5E004FE06D /* Info.plist */,
				3A5A476120259D5E004FE06D /* Namit.xcdatamodeld */,
			);
			path = Namit;
			sourceTree = "<group>";
		};
		3A5A477120259D5E004FE06D /* NamitTests */ = {
			isa = PBXGroup;
			children = (
				3A5A477220259D5E004FE06D /* NamitTests.swift */,
				3A5A477420259D5E004FE06D /* Info.plist */,
			);
			path = NamitTests;
			sourceTree = "<group>";
		};
		3A5A477C20259D5E004FE06D /* NamitUITests */ = {
			isa = PBXGroup;
			children = (
				3A5A477D20259D5E004FE06D /* NamitUITests.swift */,
				3A5A477F20259D5E004FE06D /* Info.plist */,
			);
			path = NamitUITests;
			sourceTree = "<group>";
		};
/* End PBXGroup section */

/* Begin PBXNativeTarget section */
		3A5A475620259D5E004FE06D /* Namit */ = {
			isa = PBXNativeTarget;
			buildConfigurationList = 3A5A478220259D5E004FE06D /* Build configuration list for PBXNativeTarget "Namit" */;
			buildPhases = (
				3A5A475320259D5E004FE06D /* Sources */,
				3A5A475420259D5E004FE06D /* Frameworks */,
				3A5A475520259D5E004FE06D /* Resources */,
			);
			buildRules = (
			);
			dependencies = (
			);
			name = Namit;
			productName = Namit;
			productReference = 3A5A475720259D5E004FE06D /* Namit.app */;
			productType = "com.apple.product-type.application";
		};
		3A5A476D20259D5E004FE06D /* NamitTests */ = {
			isa = PBXNativeTarget;
			buildConfigurationList = 3A5A478520259D5E004FE06D /* Build configuration list for PBXNativeTarget "NamitTests" */;
			buildPhases = (
				3A5A476A20259D5E004FE06D /* Sources */,
				3A5A476B20259D5E004FE06D /* Frameworks */,
				3A5A476C20259D5E004FE06D /* Resources */,
			);
			buildRules = (
			);
			dependencies = (
				3A5A477020259D5E004FE06D /* PBXTargetDependency */,
			);
			name = NamitTests;
			productName = NamitTests;
			productReference = 3A5A476E20259D5E004FE06D /* NamitTests.xctest */;
			productType = "com.apple.product-type.bundle.unit-test";
		};
		3A5A477820259D5E004FE06D /* NamitUITests */ = {
			isa = PBXNativeTarget;
			buildConfigurationList = 3A5A478820259D5E004FE06D /* Build configuration list for PBXNativeTarget "NamitUITests" */;
			buildPhases = (
				3A5A477520259D5E004FE06D /* Sources */,
				3A5A477620259D5E004FE06D /* Frameworks */,
				3A5A477720259D5E004FE06D /* Resources */,
			);
			buildRules = (
			);
			dependencies = (
				3A5A477B20259D5E004FE06D /* PBXTargetDependency */,
			);
			name = NamitUITests;
			productName = NamitUITests;
			productReference = 3A5A477920259D5E004FE06D /* NamitUITests.xctest */;
			productType = "com.apple.product-type.bundle.ui-testing";
		};
/* End PBXNativeTarget section */

/* Begin PBXProject section */
		3A5A474F20259D5E004FE06D /* Project object */ = {
			isa = PBXProject;
			attributes = {
				LastSwiftUpdateCheck = 0920;
				LastUpgradeCheck = 0920;
				ORGANIZATIONNAME = Mei;
				TargetAttributes = {
					3A5A475620259D5E004FE06D = {
						CreatedOnToolsVersion = 9.2;
						ProvisioningStyle = Automatic;
					};
					3A5A476D20259D5E004FE06D = {
						CreatedOnToolsVersion = 9.2;
						ProvisioningStyle = Automatic;
						TestTargetID = 3A5A475620259D5E004FE06D;
					};
					3A5A477820259D5E004FE06D = {
						CreatedOnToolsVersion = 9.2;
						ProvisioningStyle = Automatic;
						TestTargetID = 3A5A475620259D5E004FE06D;
					};
				};
			};
			buildConfigurationList = 3A5A475220259D5E004FE06D /* Build configuration list for PBXProject "Namit" */;
			compatibilityVersion = "Xcode 8.0";
			developmentRegion = en;
			hasScannedForEncodings = 0;
			knownRegions = (
				en,
				Base,
			);
			mainGroup = 3A5A474E20259D5E004FE06D;
			productRefGroup = 3A5A475820259D5E004FE06D /* Products */;
			projectDirPath = "";
			projectRoot = "";
			targets = (
				3A5A475620259D5E004FE06D /* Namit */,
				3A5A476D20259D5E004FE06D /* NamitTests */,
				3A5A477820259D5E004FE06D /* NamitUITests */,
			);
		};
/* End PBXProject section */

/* Begin PBXResourcesBuildPhase section */
		3A5A475520259D5E004FE06D /* Resources */ = {
			isa = PBXResourcesBuildPhase;
			buildActionMask = 2147483647;
			files = (
				3A5A476820259D5E004FE06D /* LaunchScreen.storyboard in Resources */,
				3A5A476520259D5E004FE06D /* Assets.xcassets in Resources */,
				3A5A476020259D5E004FE06D /* Main.storyboard in Resources */,
			);
			runOnlyForDeploymentPostprocessing = 0;
		};
		3A5A476C20259D5E004FE06D /* Resources */ = {
			isa = PBXResourcesBuildPhase;
			buildActionMask = 2147483647;
			files = (
			);
			runOnlyForDeploymentPostprocessing = 0;
		};
		3A5A477720259D5E004FE06D /* Resources */ = {
			isa = PBXResourcesBuildPhase;
			buildActionMask = 2147483647;
			files = (
			);
			runOnlyForDeploymentPostprocessing = 0;
		};
/* End PBXResourcesBuildPhase section */

/* Begin PBXSourcesBuildPhase section */
		3A5A475320259D5E004FE06D /* Sources */ = {
			isa = PBXSourcesBuildPhase;
			buildActionMask = 2147483647;
			files = (
				3A5A475D20259D5E004FE06D /* ViewController.swift in Sources */,
				3A3FF21C20267FBC00707BEF /* ruleVC.swift in Sources */,
				3A3103C52026833700253DE8 /* playVC.swift in Sources */,
				3AA43C9A2026DBBB00D98218 /* Time.swift in Sources */,
				3A5A478C2025A47A004FE06D /* settingVC.swift in Sources */,
				3A5A475B20259D5E004FE06D /* AppDelegate.swift in Sources */,
				3A5A476320259D5E004FE06D /* Namit.xcdatamodeld in Sources */,
			);
			runOnlyForDeploymentPostprocessing = 0;
		};
		3A5A476A20259D5E004FE06D /* Sources */ = {
			isa = PBXSourcesBuildPhase;
			buildActionMask = 2147483647;
			files = (
				3A5A477320259D5E004FE06D /* NamitTests.swift in Sources */,
			);
			runOnlyForDeploymentPostprocessing = 0;
		};
		3A5A477520259D5E004FE06D /* Sources */ = {
			isa = PBXSourcesBuildPhase;
			buildActionMask = 2147483647;
			files = (
				3A5A477E20259D5E004FE06D /* NamitUITests.swift in Sources */,
			);
			runOnlyForDeploymentPostprocessing = 0;
		};
/* End PBXSourcesBuildPhase section */

/* Begin PBXTargetDependency section */
		3A5A477020259D5E004FE06D /* PBXTargetDependency */ = {
			isa = PBXTargetDependency;
			target = 3A5A475620259D5E004FE06D /* Namit */;
			targetProxy = 3A5A476F20259D5E004FE06D /* PBXContainerItemProxy */;
		};
		3A5A477B20259D5E004FE06D /* PBXTargetDependency */ = {
			isa = PBXTargetDependency;
			target = 3A5A475620259D5E004FE06D /* Namit */;
			targetProxy = 3A5A477A20259D5E004FE06D /* PBXContainerItemProxy */;
		};
/* End PBXTargetDependency section */

/* Begin PBXVariantGroup section */
		3A5A475E20259D5E004FE06D /* Main.storyboard */ = {
			isa = PBXVariantGroup;
			children = (
				3A5A475F20259D5E004FE06D /* Base */,
			);
			name = Main.storyboard;
			sourceTree = "<group>";
		};
		3A5A476620259D5E004FE06D /* LaunchScreen.storyboard */ = {
			isa = PBXVariantGroup;
			children = (
				3A5A476720259D5E004FE06D /* Base */,
			);
			name = LaunchScreen.storyboard;
			sourceTree = "<group>";
		};
/* End PBXVariantGroup section */

/* Begin XCBuildConfiguration section */
		3A5A478020259D5E004FE06D /* Debug */ = {
			isa = XCBuildConfiguration;
			buildSettings = {
				ALWAYS_SEARCH_USER_PATHS = NO;
				CLANG_ANALYZER_NONNULL = YES;
				CLANG_ANALYZER_NUMBER_OBJECT_CONVERSION = YES_AGGRESSIVE;
				CLANG_CXX_LANGUAGE_STANDARD = "gnu++14";
				CLANG_CXX_LIBRARY = "libc++";
				CLANG_ENABLE_MODULES = YES;
				CLANG_ENABLE_OBJC_ARC = YES;
				CLANG_WARN_BLOCK_CAPTURE_AUTORELEASING = YES;
				CLANG_WARN_BOOL_CONVERSION = YES;
				CLANG_WARN_COMMA = YES;
				CLANG_WARN_CONSTANT_CONVERSION = YES;
				CLANG_WARN_DIRECT_OBJC_ISA_USAGE = YES_ERROR;
				CLANG_WARN_DOCUMENTATION_COMMENTS = YES;
				CLANG_WARN_EMPTY_BODY = YES;
				CLANG_WARN_ENUM_CONVERSION = YES;
				CLANG_WARN_INFINITE_RECURSION = YES;
				CLANG_WARN_INT_CONVERSION = YES;
				CLANG_WARN_NON_LITERAL_NULL_CONVERSION = YES;
				CLANG_WARN_OBJC_LITERAL_CONVERSION = YES;
				CLANG_WARN_OBJC_ROOT_CLASS = YES_ERROR;
				CLANG_WARN_RANGE_LOOP_ANALYSIS = YES;
				CLANG_WARN_STRICT_PROTOTYPES = YES;
				CLANG_WARN_SUSPICIOUS_MOVE = YES;
				CLANG_WARN_UNGUARDED_AVAILABILITY = YES_AGGRESSIVE;
				CLANG_WARN_UNREACHABLE_CODE = YES;
				CLANG_WARN__DUPLICATE_METHOD_MATCH = YES;
				CODE_SIGN_IDENTITY = "iPhone Developer";
				COPY_PHASE_STRIP = NO;
				DEBUG_INFORMATION_FORMAT = dwarf;
				ENABLE_STRICT_OBJC_MSGSEND = YES;
				ENABLE_TESTABILITY = YES;
				GCC_C_LANGUAGE_STANDARD = gnu11;
				GCC_DYNAMIC_NO_PIC = NO;
				GCC_NO_COMMON_BLOCKS = YES;
				GCC_OPTIMIZATION_LEVEL = 0;
				GCC_PREPROCESSOR_DEFINITIONS = (
					"DEBUG=1",
					"$(inherited)",
				);
				GCC_WARN_64_TO_32_BIT_CONVERSION = YES;
				GCC_WARN_ABOUT_RETURN_TYPE = YES_ERROR;
				GCC_WARN_UNDECLARED_SELECTOR = YES;
				GCC_WARN_UNINITIALIZED_AUTOS = YES_AGGRESSIVE;
				GCC_WARN_UNUSED_FUNCTION = YES;
				GCC_WARN_UNUSED_VARIABLE = YES;
				IPHONEOS_DEPLOYMENT_TARGET = 11.2;
				MTL_ENABLE_DEBUG_INFO = YES;
				ONLY_ACTIVE_ARCH = YES;
				SDKROOT = iphoneos;
				SWIFT_ACTIVE_COMPILATION_CONDITIONS = DEBUG;
				SWIFT_OPTIMIZATION_LEVEL = "-Onone";
			};
			name = Debug;
		};
		3A5A478120259D5E004FE06D /* Release */ = {
			isa = XCBuildConfiguration;
			buildSettings = {
				ALWAYS_SEARCH_USER_PATHS = NO;
				CLANG_ANALYZER_NONNULL = YES;
				CLANG_ANALYZER_NUMBER_OBJECT_CONVERSION = YES_AGGRESSIVE;
				CLANG_CXX_LANGUAGE_STANDARD = "gnu++14";
				CLANG_CXX_LIBRARY = "libc++";
				CLANG_ENABLE_MODULES = YES;
				CLANG_ENABLE_OBJC_ARC = YES;
				CLANG_WARN_BLOCK_CAPTURE_AUTORELEASING = YES;
				CLANG_WARN_BOOL_CONVERSION = YES;
				CLANG_WARN_COMMA = YES;
				CLANG_WARN_CONSTANT_CONVERSION = YES;
				CLANG_WARN_DIRECT_OBJC_ISA_USAGE = YES_ERROR;
				CLANG_WARN_DOCUMENTATION_COMMENTS = YES;
				CLANG_WARN_EMPTY_BODY = YES;
				CLANG_WARN_ENUM_CONVERSION = YES;
				CLANG_WARN_INFINITE_RECURSION = YES;
				CLANG_WARN_INT_CONVERSION = YES;
				CLANG_WARN_NON_LITERAL_NULL_CONVERSION = YES;
				CLANG_WARN_OBJC_LITERAL_CONVERSION = YES;
				CLANG_WARN_OBJC_ROOT_CLASS = YES_ERROR;
				CLANG_WARN_RANGE_LOOP_ANALYSIS = YES;
				CLANG_WARN_STRICT_PROTOTYPES = YES;
				CLANG_WARN_SUSPICIOUS_MOVE = YES;
				CLANG_WARN_UNGUARDED_AVAILABILITY = YES_AGGRESSIVE;
				CLANG_WARN_UNREACHABLE_CODE = YES;
				CLANG_WARN__DUPLICATE_METHOD_MATCH = YES;
				CODE_SIGN_IDENTITY = "iPhone Developer";
				COPY_PHASE_STRIP = NO;
				DEBUG_INFORMATION_FORMAT = "dwarf-with-dsym";
				ENABLE_NS_ASSERTIONS = NO;
				ENABLE_STRICT_OBJC_MSGSEND = YES;
				GCC_C_LANGUAGE_STANDARD = gnu11;
				GCC_NO_COMMON_BLOCKS = YES;
				GCC_WARN_64_TO_32_BIT_CONVERSION = YES;
				GCC_WARN_ABOUT_RETURN_TYPE = YES_ERROR;
				GCC_WARN_UNDECLARED_SELECTOR = YES;
				GCC_WARN_UNINITIALIZED_AUTOS = YES_AGGRESSIVE;
				GCC_WARN_UNUSED_FUNCTION = YES;
				GCC_WARN_UNUSED_VARIABLE = YES;
				IPHONEOS_DEPLOYMENT_TARGET = 11.2;
				MTL_ENABLE_DEBUG_INFO = NO;
				SDKROOT = iphoneos;
				SWIFT_OPTIMIZATION_LEVEL = "-Owholemodule";
				VALIDATE_PRODUCT = YES;
			};
			name = Release;
		};
		3A5A478320259D5E004FE06D /* Debug */ = {
			isa = XCBuildConfiguration;
			buildSettings = {
				ASSETCATALOG_COMPILER_APPICON_NAME = AppIcon;
				CODE_SIGN_STYLE = Automatic;
				DEVELOPMENT_TEAM = V5KYEP5U7A;
				INFOPLIST_FILE = Namit/Info.plist;
				LD_RUNPATH_SEARCH_PATHS = "$(inherited) @executable_path/Frameworks";
				PRODUCT_BUNDLE_IDENTIFIER = Mei.Namit;
				PRODUCT_NAME = "$(TARGET_NAME)";
				SWIFT_VERSION = 4.0;
				TARGETED_DEVICE_FAMILY = "1,2";
			};
			name = Debug;
		};
		3A5A478420259D5E004FE06D /* Release */ = {
			isa = XCBuildConfiguration;
			buildSettings = {
				ASSETCATALOG_COMPILER_APPICON_NAME = AppIcon;
				CODE_SIGN_STYLE = Automatic;
				DEVELOPMENT_TEAM = V5KYEP5U7A;
				INFOPLIST_FILE = Namit/Info.plist;
				LD_RUNPATH_SEARCH_PATHS = "$(inherited) @executable_path/Frameworks";
				PRODUCT_BUNDLE_IDENTIFIER = Mei.Namit;
				PRODUCT_NAME = "$(TARGET_NAME)";
				SWIFT_VERSION = 4.0;
				TARGETED_DEVICE_FAMILY = "1,2";
			};
			name = Release;
		};
		3A5A478620259D5E004FE06D /* Debug */ = {
			isa = XCBuildConfiguration;
			buildSettings = {
				ALWAYS_EMBED_SWIFT_STANDARD_LIBRARIES = YES;
				BUNDLE_LOADER = "$(TEST_HOST)";
				CODE_SIGN_STYLE = Automatic;
				DEVELOPMENT_TEAM = V5KYEP5U7A;
				INFOPLIST_FILE = NamitTests/Info.plist;
				LD_RUNPATH_SEARCH_PATHS = "$(inherited) @executable_path/Frameworks @loader_path/Frameworks";
				PRODUCT_BUNDLE_IDENTIFIER = Mei.NamitTests;
				PRODUCT_NAME = "$(TARGET_NAME)";
				SWIFT_VERSION = 4.0;
				TARGETED_DEVICE_FAMILY = "1,2";
				TEST_HOST = "$(BUILT_PRODUCTS_DIR)/Namit.app/Namit";
			};
			name = Debug;
		};
		3A5A478720259D5E004FE06D /* Release */ = {
			isa = XCBuildConfiguration;
			buildSettings = {
				ALWAYS_EMBED_SWIFT_STANDARD_LIBRARIES = YES;
				BUNDLE_LOADER = "$(TEST_HOST)";
				CODE_SIGN_STYLE = Automatic;
				DEVELOPMENT_TEAM = V5KYEP5U7A;
				INFOPLIST_FILE = NamitTests/Info.plist;
				LD_RUNPATH_SEARCH_PATHS = "$(inherited) @executable_path/Frameworks @loader_path/Frameworks";
				PRODUCT_BUNDLE_IDENTIFIER = Mei.NamitTests;
				PRODUCT_NAME = "$(TARGET_NAME)";
				SWIFT_VERSION = 4.0;
				TARGETED_DEVICE_FAMILY = "1,2";
				TEST_HOST = "$(BUILT_PRODUCTS_DIR)/Namit.app/Namit";
			};
			name = Release;
		};
		3A5A478920259D5E004FE06D /* Debug */ = {
			isa = XCBuildConfiguration;
			buildSettings = {
				ALWAYS_EMBED_SWIFT_STANDARD_LIBRARIES = YES;
				CODE_SIGN_STYLE = Automatic;
				DEVELOPMENT_TEAM = V5KYEP5U7A;
				INFOPLIST_FILE = NamitUITests/Info.plist;
				LD_RUNPATH_SEARCH_PATHS = "$(inherited) @executable_path/Frameworks @loader_path/Frameworks";
				PRODUCT_BUNDLE_IDENTIFIER = Mei.NamitUITests;
				PRODUCT_NAME = "$(TARGET_NAME)";
				SWIFT_VERSION = 4.0;
				TARGETED_DEVICE_FAMILY = "1,2";
				TEST_TARGET_NAME = Namit;
			};
			name = Debug;
		};
		3A5A478A20259D5E004FE06D /* Release */ = {
			isa = XCBuildConfiguration;
			buildSettings = {
				ALWAYS_EMBED_SWIFT_STANDARD_LIBRARIES = YES;
				CODE_SIGN_STYLE = Automatic;
				DEVELOPMENT_TEAM = V5KYEP5U7A;
				INFOPLIST_FILE = NamitUITests/Info.plist;
				LD_RUNPATH_SEARCH_PATHS = "$(inherited) @executable_path/Frameworks @loader_path/Frameworks";
				PRODUCT_BUNDLE_IDENTIFIER = Mei.NamitUITests;
				PRODUCT_NAME = "$(TARGET_NAME)";
				SWIFT_VERSION = 4.0;
				TARGETED_DEVICE_FAMILY = "1,2";
				TEST_TARGET_NAME = Namit;
			};
			name = Release;
		};
/* End XCBuildConfiguration section */

/* Begin XCConfigurationList section */
		3A5A475220259D5E004FE06D /* Build configuration list for PBXProject "Namit" */ = {
			isa = XCConfigurationList;
			buildConfigurations = (
				3A5A478020259D5E004FE06D /* Debug */,
				3A5A478120259D5E004FE06D /* Release */,
			);
			defaultConfigurationIsVisible = 0;
			defaultConfigurationName = Release;
		};
		3A5A478220259D5E004FE06D /* Build configuration list for PBXNativeTarget "Namit" */ = {
			isa = XCConfigurationList;
			buildConfigurations = (
				3A5A478320259D5E004FE06D /* Debug */,
				3A5A478420259D5E004FE06D /* Release */,
			);
			defaultConfigurationIsVisible = 0;
			defaultConfigurationName = Release;
		};
		3A5A478520259D5E004FE06D /* Build configuration list for PBXNativeTarget "NamitTests" */ = {
			isa = XCConfigurationList;
			buildConfigurations = (
				3A5A478620259D5E004FE06D /* Debug */,
				3A5A478720259D5E004FE06D /* Release */,
			);
			defaultConfigurationIsVisible = 0;
			defaultConfigurationName = Release;
		};
		3A5A478820259D5E004FE06D /* Build configuration list for PBXNativeTarget "NamitUITests" */ = {
			isa = XCConfigurationList;
			buildConfigurations = (
				3A5A478920259D5E004FE06D /* Debug */,
				3A5A478A20259D5E004FE06D /* Release */,
			);
			defaultConfigurationIsVisible = 0;
			defaultConfigurationName = Release;
		};
/* End XCConfigurationList section */

/* Begin XCVersionGroup section */
		3A5A476120259D5E004FE06D /* Namit.xcdatamodeld */ = {
			isa = XCVersionGroup;
			children = (
				3A5A476220259D5E004FE06D /* Namit.xcdatamodel */,
			);
			currentVersion = 3A5A476220259D5E004FE06D /* Namit.xcdatamodel */;
			path = Namit.xcdatamodeld;
			sourceTree = "<group>";
			versionGroupType = wrapper.xcdatamodel;
		};
/* End XCVersionGroup section */
	};
	rootObject = 3A5A474F20259D5E004FE06D /* Project object */;
}
