// !$*UTF8*$!
{
	archiveVersion = 1;
	classes = {
	};
	objectVersion = 48;
	objects = {

/* Begin PBXBuildFile section */
		2613BA692893DF499D3B190F /* Pods_NamitUITests.framework in Frameworks */ = {isa = PBXBuildFile; fileRef = 39E68D382F3D7AC63262277F /* Pods_NamitUITests.framework */; };
		3A1063B6205BC74C00C0A213 /* CoreDataHelper.swift in Sources */ = {isa = PBXBuildFile; fileRef = 3A1063B5205BC74C00C0A213 /* CoreDataHelper.swift */; };
		3A1063B8205BC75B00C0A213 /* CenterViewFlowLayout.swift in Sources */ = {isa = PBXBuildFile; fileRef = 3A1063B7205BC75B00C0A213 /* CenterViewFlowLayout.swift */; };
		3A10C530205E58E3004711E8 /* Viga-Regular.ttf in Resources */ = {isa = PBXBuildFile; fileRef = 3A10C52F205E58E2004711E8 /* Viga-Regular.ttf */; };
		3A1AE8BB205F4BEB001A761E /* short.mp3 in Resources */ = {isa = PBXBuildFile; fileRef = 3A1AE8B9205F4BEB001A761E /* short.mp3 */; };
		3A1EF121203001B7003EE131 /* Audio.swift in Sources */ = {isa = PBXBuildFile; fileRef = 3A1EF120203001B7003EE131 /* Audio.swift */; };
		3A3103C52026833700253DE8 /* playVC.swift in Sources */ = {isa = PBXBuildFile; fileRef = 3A3103C42026833700253DE8 /* playVC.swift */; };
		3A3B90DA202AB56500C80C5F /* detailTableView.swift in Sources */ = {isa = PBXBuildFile; fileRef = 3A3B90D9202AB56500C80C5F /* detailTableView.swift */; };
		3A3FF21C20267FBC00707BEF /* ruleVC.swift in Sources */ = {isa = PBXBuildFile; fileRef = 3A3FF21B20267FBC00707BEF /* ruleVC.swift */; };
		3A411BCB2058DE02005ACA8B /* Person.swift in Sources */ = {isa = PBXBuildFile; fileRef = 3A411BCA2058DE02005ACA8B /* Person.swift */; };
		3A5A475B20259D5E004FE06D /* AppDelegate.swift in Sources */ = {isa = PBXBuildFile; fileRef = 3A5A475A20259D5E004FE06D /* AppDelegate.swift */; };
		3A5A475D20259D5E004FE06D /* ViewController.swift in Sources */ = {isa = PBXBuildFile; fileRef = 3A5A475C20259D5E004FE06D /* ViewController.swift */; };
		3A5A476020259D5E004FE06D /* Main.storyboard in Resources */ = {isa = PBXBuildFile; fileRef = 3A5A475E20259D5E004FE06D /* Main.storyboard */; };
		3A5A476320259D5E004FE06D /* Namit.xcdatamodeld in Sources */ = {isa = PBXBuildFile; fileRef = 3A5A476120259D5E004FE06D /* Namit.xcdatamodeld */; };
		3A5A476820259D5E004FE06D /* LaunchScreen.storyboard in Resources */ = {isa = PBXBuildFile; fileRef = 3A5A476620259D5E004FE06D /* LaunchScreen.storyboard */; };
		3A5A477320259D5E004FE06D /* NamitTests.swift in Sources */ = {isa = PBXBuildFile; fileRef = 3A5A477220259D5E004FE06D /* NamitTests.swift */; };
		3A5A477E20259D5E004FE06D /* NamitUITests.swift in Sources */ = {isa = PBXBuildFile; fileRef = 3A5A477D20259D5E004FE06D /* NamitUITests.swift */; };
		3A5A478C2025A47A004FE06D /* settingVC.swift in Sources */ = {isa = PBXBuildFile; fileRef = 3A5A478B2025A47A004FE06D /* settingVC.swift */; };
		3A6BA98720527D7000E48B60 /* PlayerSelectionView.swift in Sources */ = {isa = PBXBuildFile; fileRef = 3A6BA98620527D7000E48B60 /* PlayerSelectionView.swift */; };
		3A79BC68206491BF0035DDBF /* WebViewController.swift in Sources */ = {isa = PBXBuildFile; fileRef = 3A79BC67206491BF0035DDBF /* WebViewController.swift */; };
		3A79BC6B206495690035DDBF /* WelcomeViewController.swift in Sources */ = {isa = PBXBuildFile; fileRef = 3A79BC6A206495690035DDBF /* WelcomeViewController.swift */; };
		3A85D7E32068842000EBF496 /* short_high.mp3 in Resources */ = {isa = PBXBuildFile; fileRef = 3A85D7E22068842000EBF496 /* short_high.mp3 */; };
		3A9CF75B205E61DE00E231CF /* Assets.xcassets in Resources */ = {isa = PBXBuildFile; fileRef = 3A9CF75A205E61DE00E231CF /* Assets.xcassets */; };
		3AA3411E202C3063005A270F /* GoogleMobileAds.framework in Frameworks */ = {isa = PBXBuildFile; fileRef = 3AA3411D202C3062005A270F /* GoogleMobileAds.framework */; };
		3AA43C9A2026DBBB00D98218 /* Time.swift in Sources */ = {isa = PBXBuildFile; fileRef = 3AA43C992026DBBB00D98218 /* Time.swift */; };
		3AB0F5262059D2BE00CFF704 /* WinnerVC.swift in Sources */ = {isa = PBXBuildFile; fileRef = 3AB0F5252059D2BE00CFF704 /* WinnerVC.swift */; };
		3AEB867D205F863E00192984 /* heart_destroy.json in Resources */ = {isa = PBXBuildFile; fileRef = 3AEB867C205F863E00192984 /* heart_destroy.json */; };
		3AEB8683205FB77400192984 /* namit_tutorial_02.json in Resources */ = {isa = PBXBuildFile; fileRef = 3AEB8682205FB77400192984 /* namit_tutorial_02.json */; };
		4501D97066E488B03EA362B2 /* Pods_Namit.framework in Frameworks */ = {isa = PBXBuildFile; fileRef = B16FEC703CD359314FDFB77C /* Pods_Namit.framework */; };
		D032F4929B9A3671F4C34EC3 /* Pods_NamitTests.framework in Frameworks */ = {isa = PBXBuildFile; fileRef = CE0F73F034B9410ABF352E13 /* Pods_NamitTests.framework */; };
/* End PBXBuildFile section */

/* Begin PBXContainerItemProxy section */
		3A5A476F20259D5E004FE06D /* PBXContainerItemProxy */ = {
			isa = PBXContainerItemProxy;
			containerPortal = 3A5A474F20259D5E004FE06D /* Project object */;
			proxyType = 1;
			remoteGlobalIDString = 3A5A475620259D5E004FE06D;
			remoteInfo = Namit;
		};
		3A5A477A20259D5E004FE06D /* PBXContainerItemProxy */ = {
			isa = PBXContainerItemProxy;
			containerPortal = 3A5A474F20259D5E004FE06D /* Project object */;
			proxyType = 1;
			remoteGlobalIDString = 3A5A475620259D5E004FE06D;
			remoteInfo = Namit;
		};
/* End PBXContainerItemProxy section */

/* Begin PBXFileReference section */
		15C0628D1C26A3B5DEC7FD4E /* Pods-Namit.debug.xcconfig */ = {isa = PBXFileReference; includeInIndex = 1; lastKnownFileType = text.xcconfig; name = "Pods-Namit.debug.xcconfig"; path = "Pods/Target Support Files/Pods-Namit/Pods-Namit.debug.xcconfig"; sourceTree = "<group>"; };
		39E68D382F3D7AC63262277F /* Pods_NamitUITests.framework */ = {isa = PBXFileReference; explicitFileType = wrapper.framework; includeInIndex = 0; path = Pods_NamitUITests.framework; sourceTree = BUILT_PRODUCTS_DIR; };
		3A1063B5205BC74C00C0A213 /* CoreDataHelper.swift */ = {isa = PBXFileReference; fileEncoding = 4; lastKnownFileType = sourcecode.swift; path = CoreDataHelper.swift; sourceTree = "<group>"; };
		3A1063B7205BC75B00C0A213 /* CenterViewFlowLayout.swift */ = {isa = PBXFileReference; fileEncoding = 4; lastKnownFileType = sourcecode.swift; path = CenterViewFlowLayout.swift; sourceTree = "<group>"; };
		3A10C52F205E58E2004711E8 /* Viga-Regular.ttf */ = {isa = PBXFileReference; lastKnownFileType = file; path = "Viga-Regular.ttf"; sourceTree = "<group>"; };
		3A1AE8B9205F4BEB001A761E /* short.mp3 */ = {isa = PBXFileReference; lastKnownFileType = audio.mp3; path = short.mp3; sourceTree = "<group>"; };
		3A1EF120203001B7003EE131 /* Audio.swift */ = {isa = PBXFileReference; lastKnownFileType = sourcecode.swift; path = Audio.swift; sourceTree = "<group>"; };
		3A3103C42026833700253DE8 /* playVC.swift */ = {isa = PBXFileReference; lastKnownFileType = sourcecode.swift; path = playVC.swift; sourceTree = "<group>"; };
		3A3B90D9202AB56500C80C5F /* detailTableView.swift */ = {isa = PBXFileReference; lastKnownFileType = sourcecode.swift; path = detailTableView.swift; sourceTree = "<group>"; };
		3A3FF21B20267FBC00707BEF /* ruleVC.swift */ = {isa = PBXFileReference; lastKnownFileType = sourcecode.swift; path = ruleVC.swift; sourceTree = "<group>"; };
		3A411BCA2058DE02005ACA8B /* Person.swift */ = {isa = PBXFileReference; fileEncoding = 4; lastKnownFileType = sourcecode.swift; path = Person.swift; sourceTree = "<group>"; };
		3A5A475720259D5E004FE06D /* Namit.app */ = {isa = PBXFileReference; explicitFileType = wrapper.application; includeInIndex = 0; path = Namit.app; sourceTree = BUILT_PRODUCTS_DIR; };
		3A5A475A20259D5E004FE06D /* AppDelegate.swift */ = {isa = PBXFileReference; lastKnownFileType = sourcecode.swift; path = AppDelegate.swift; sourceTree = "<group>"; };
		3A5A475C20259D5E004FE06D /* ViewController.swift */ = {isa = PBXFileReference; lastKnownFileType = sourcecode.swift; path = ViewController.swift; sourceTree = "<group>"; };
		3A5A475F20259D5E004FE06D /* Base */ = {isa = PBXFileReference; lastKnownFileType = file.storyboard; name = Base; path = Base.lproj/Main.storyboard; sourceTree = "<group>"; };
		3A5A476220259D5E004FE06D /* Namit.xcdatamodel */ = {isa = PBXFileReference; lastKnownFileType = wrapper.xcdatamodel; path = Namit.xcdatamodel; sourceTree = "<group>"; };
		3A5A476720259D5E004FE06D /* Base */ = {isa = PBXFileReference; lastKnownFileType = file.storyboard; name = Base; path = Base.lproj/LaunchScreen.storyboard; sourceTree = "<group>"; };
		3A5A476920259D5E004FE06D /* Info.plist */ = {isa = PBXFileReference; lastKnownFileType = text.plist.xml; path = Info.plist; sourceTree = "<group>"; };
		3A5A476E20259D5E004FE06D /* NamitTests.xctest */ = {isa = PBXFileReference; explicitFileType = wrapper.cfbundle; includeInIndex = 0; path = NamitTests.xctest; sourceTree = BUILT_PRODUCTS_DIR; };
		3A5A477220259D5E004FE06D /* NamitTests.swift */ = {isa = PBXFileReference; lastKnownFileType = sourcecode.swift; path = NamitTests.swift; sourceTree = "<group>"; };
		3A5A477420259D5E004FE06D /* Info.plist */ = {isa = PBXFileReference; lastKnownFileType = text.plist.xml; path = Info.plist; sourceTree = "<group>"; };
		3A5A477920259D5E004FE06D /* NamitUITests.xctest */ = {isa = PBXFileReference; explicitFileType = wrapper.cfbundle; includeInIndex = 0; path = NamitUITests.xctest; sourceTree = BUILT_PRODUCTS_DIR; };
		3A5A477D20259D5E004FE06D /* NamitUITests.swift */ = {isa = PBXFileReference; lastKnownFileType = sourcecode.swift; path = NamitUITests.swift; sourceTree = "<group>"; };
		3A5A477F20259D5E004FE06D /* Info.plist */ = {isa = PBXFileReference; lastKnownFileType = text.plist.xml; path = Info.plist; sourceTree = "<group>"; };
		3A5A478B2025A47A004FE06D /* settingVC.swift */ = {isa = PBXFileReference; lastKnownFileType = sourcecode.swift; path = settingVC.swift; sourceTree = "<group>"; };
		3A6BA98620527D7000E48B60 /* PlayerSelectionView.swift */ = {isa = PBXFileReference; fileEncoding = 4; lastKnownFileType = sourcecode.swift; path = PlayerSelectionView.swift; sourceTree = "<group>"; };
		3A79BC67206491BF0035DDBF /* WebViewController.swift */ = {isa = PBXFileReference; lastKnownFileType = sourcecode.swift; path = WebViewController.swift; sourceTree = "<group>"; };
		3A79BC6A206495690035DDBF /* WelcomeViewController.swift */ = {isa = PBXFileReference; lastKnownFileType = sourcecode.swift; path = WelcomeViewController.swift; sourceTree = "<group>"; };
		3A85D7E22068842000EBF496 /* short_high.mp3 */ = {isa = PBXFileReference; lastKnownFileType = audio.mp3; path = short_high.mp3; sourceTree = "<group>"; };
		3A9CF75A205E61DE00E231CF /* Assets.xcassets */ = {isa = PBXFileReference; lastKnownFileType = folder.assetcatalog; path = Assets.xcassets; sourceTree = "<group>"; };
		3AA3411D202C3062005A270F /* GoogleMobileAds.framework */ = {isa = PBXFileReference; lastKnownFileType = wrapper.framework; path = GoogleMobileAds.framework; sourceTree = "<group>"; };
		3AA43C992026DBBB00D98218 /* Time.swift */ = {isa = PBXFileReference; lastKnownFileType = sourcecode.swift; path = Time.swift; sourceTree = "<group>"; };
		3AB0F5252059D2BE00CFF704 /* WinnerVC.swift */ = {isa = PBXFileReference; lastKnownFileType = sourcecode.swift; path = WinnerVC.swift; sourceTree = "<group>"; };
		3AEB867C205F863E00192984 /* heart_destroy.json */ = {isa = PBXFileReference; fileEncoding = 4; lastKnownFileType = text.json; path = heart_destroy.json; sourceTree = "<group>"; };
		3AEB8682205FB77400192984 /* namit_tutorial_02.json */ = {isa = PBXFileReference; fileEncoding = 4; lastKnownFileType = text.json; path = namit_tutorial_02.json; sourceTree = "<group>"; };
		444F975ED60294D165AC8BD5 /* Pods-NamitTests.release.xcconfig */ = {isa = PBXFileReference; includeInIndex = 1; lastKnownFileType = text.xcconfig; name = "Pods-NamitTests.release.xcconfig"; path = "Pods/Target Support Files/Pods-NamitTests/Pods-NamitTests.release.xcconfig"; sourceTree = "<group>"; };
		5F22947EE58B5F9DA504F04D /* Pods-NamitUITests.release.xcconfig */ = {isa = PBXFileReference; includeInIndex = 1; lastKnownFileType = text.xcconfig; name = "Pods-NamitUITests.release.xcconfig"; path = "Pods/Target Support Files/Pods-NamitUITests/Pods-NamitUITests.release.xcconfig"; sourceTree = "<group>"; };
		89E816B5FFB1E51A8E774F52 /* Pods-Namit.release.xcconfig */ = {isa = PBXFileReference; includeInIndex = 1; lastKnownFileType = text.xcconfig; name = "Pods-Namit.release.xcconfig"; path = "Pods/Target Support Files/Pods-Namit/Pods-Namit.release.xcconfig"; sourceTree = "<group>"; };
		964434B3F5CB49DA50CD6CA0 /* Pods-NamitUITests.debug.xcconfig */ = {isa = PBXFileReference; includeInIndex = 1; lastKnownFileType = text.xcconfig; name = "Pods-NamitUITests.debug.xcconfig"; path = "Pods/Target Support Files/Pods-NamitUITests/Pods-NamitUITests.debug.xcconfig"; sourceTree = "<group>"; };
		B16FEC703CD359314FDFB77C /* Pods_Namit.framework */ = {isa = PBXFileReference; explicitFileType = wrapper.framework; includeInIndex = 0; path = Pods_Namit.framework; sourceTree = BUILT_PRODUCTS_DIR; };
		CE0F73F034B9410ABF352E13 /* Pods_NamitTests.framework */ = {isa = PBXFileReference; explicitFileType = wrapper.framework; includeInIndex = 0; path = Pods_NamitTests.framework; sourceTree = BUILT_PRODUCTS_DIR; };
		FB45EB19197DF0A9D3A50ABB /* Pods-NamitTests.debug.xcconfig */ = {isa = PBXFileReference; includeInIndex = 1; lastKnownFileType = text.xcconfig; name = "Pods-NamitTests.debug.xcconfig"; path = "Pods/Target Support Files/Pods-NamitTests/Pods-NamitTests.debug.xcconfig"; sourceTree = "<group>"; };
/* End PBXFileReference section */

/* Begin PBXFrameworksBuildPhase section */
		3A5A475420259D5E004FE06D /* Frameworks */ = {
			isa = PBXFrameworksBuildPhase;
			buildActionMask = 2147483647;
			files = (
				3AA3411E202C3063005A270F /* GoogleMobileAds.framework in Frameworks */,
				4501D97066E488B03EA362B2 /* Pods_Namit.framework in Frameworks */,
			);
			runOnlyForDeploymentPostprocessing = 0;
		};
		3A5A476B20259D5E004FE06D /* Frameworks */ = {
			isa = PBXFrameworksBuildPhase;
			buildActionMask = 2147483647;
			files = (
				D032F4929B9A3671F4C34EC3 /* Pods_NamitTests.framework in Frameworks */,
			);
			runOnlyForDeploymentPostprocessing = 0;
		};
		3A5A477620259D5E004FE06D /* Frameworks */ = {
			isa = PBXFrameworksBuildPhase;
			buildActionMask = 2147483647;
			files = (
				2613BA692893DF499D3B190F /* Pods_NamitUITests.framework in Frameworks */,
			);
			runOnlyForDeploymentPostprocessing = 0;
		};
/* End PBXFrameworksBuildPhase section */

/* Begin PBXGroup section */
		3A10C52E205E58E2004711E8 /* fonts */ = {
			isa = PBXGroup;
			children = (
				3A10C52F205E58E2004711E8 /* Viga-Regular.ttf */,
			);
			path = fonts;
			sourceTree = "<group>";
		};
		3A1AE8B7205F4BCD001A761E /* Audio */ = {
			isa = PBXGroup;
			children = (
				3A1AE8B9205F4BEB001A761E /* short.mp3 */,
				3A85D7E22068842000EBF496 /* short_high.mp3 */,
			);
			name = Audio;
			path = "New Group";
			sourceTree = "<group>";
		};
		3A1AE8C4205F579A001A761E /* Animation */ = {
			isa = PBXGroup;
			children = (
				3AEB867C205F863E00192984 /* heart_destroy.json */,
				3AEB8682205FB77400192984 /* namit_tutorial_02.json */,
			);
			path = Animation;
			sourceTree = "<group>";
		};
		3A3103C32026831E00253DE8 /* Play Page */ = {
			isa = PBXGroup;
			children = (
				3A411BCA2058DE02005ACA8B /* Person.swift */,
				3A3103C42026833700253DE8 /* playVC.swift */,
				3AA43C992026DBBB00D98218 /* Time.swift */,
				3A1EF120203001B7003EE131 /* Audio.swift */,
				3AB0F5252059D2BE00CFF704 /* WinnerVC.swift */,
			);
			path = "Play Page";
			sourceTree = "<group>";
		};
		3A3FF21820267F3B00707BEF /* Home Page */ = {
			isa = PBXGroup;
			children = (
				3A5A475C20259D5E004FE06D /* ViewController.swift */,
			);
			path = "Home Page";
			sourceTree = "<group>";
		};
		3A3FF21920267F4400707BEF /* Settings Page */ = {
			isa = PBXGroup;
			children = (
				3A5A478B2025A47A004FE06D /* settingVC.swift */,
				3A3B90D9202AB56500C80C5F /* detailTableView.swift */,
				3A79BC67206491BF0035DDBF /* WebViewController.swift */,
			);
			path = "Settings Page";
			sourceTree = "<group>";
		};
		3A3FF21A20267F5200707BEF /* Rules Page */ = {
			isa = PBXGroup;
			children = (
				3A3FF21B20267FBC00707BEF /* ruleVC.swift */,
			);
			path = "Rules Page";
			sourceTree = "<group>";
		};
		3A5A474E20259D5E004FE06D = {
			isa = PBXGroup;
			children = (
				3A5A475920259D5E004FE06D /* Namit */,
				3A5A477120259D5E004FE06D /* NamitTests */,
				3A5A477C20259D5E004FE06D /* NamitUITests */,
				3A5A475820259D5E004FE06D /* Products */,
				5CA9F650FB8D49D92CA7E5A5 /* Pods */,
				65D0DDE75EDFD123D7725EFA /* Frameworks */,
			);
			sourceTree = "<group>";
		};
		3A5A475820259D5E004FE06D /* Products */ = {
			isa = PBXGroup;
			children = (
				3A5A475720259D5E004FE06D /* Namit.app */,
				3A5A476E20259D5E004FE06D /* NamitTests.xctest */,
				3A5A477920259D5E004FE06D /* NamitUITests.xctest */,
			);
			name = Products;
			sourceTree = "<group>";
		};
		3A5A475920259D5E004FE06D /* Namit */ = {
			isa = PBXGroup;
			children = (
				3A79BC692064955F0035DDBF /* Wecome */,
				3A1AE8C4205F579A001A761E /* Animation */,
				3A1AE8B7205F4BCD001A761E /* Audio */,
				3A9CF75A205E61DE00E231CF /* Assets.xcassets */,
				3A10C52E205E58E2004711E8 /* fonts */,
				3A6BA98520527D1100E48B60 /* EditPlayers */,
				3A3103C32026831E00253DE8 /* Play Page */,
				3A3FF21820267F3B00707BEF /* Home Page */,
				3A3FF21920267F4400707BEF /* Settings Page */,
				3A3FF21A20267F5200707BEF /* Rules Page */,
				3A5A475A20259D5E004FE06D /* AppDelegate.swift */,
				3A5A475E20259D5E004FE06D /* Main.storyboard */,
				3A5A476620259D5E004FE06D /* LaunchScreen.storyboard */,
				3A5A476120259D5E004FE06D /* Namit.xcdatamodeld */,
				3A5A476920259D5E004FE06D /* Info.plist */,
				3AA3411D202C3062005A270F /* GoogleMobileAds.framework */,
			);
			path = Namit;
			sourceTree = "<group>";
		};
		3A5A477120259D5E004FE06D /* NamitTests */ = {
			isa = PBXGroup;
			children = (
				3A5A477220259D5E004FE06D /* NamitTests.swift */,
				3A5A477420259D5E004FE06D /* Info.plist */,
			);
			path = NamitTests;
			sourceTree = "<group>";
		};
		3A5A477C20259D5E004FE06D /* NamitUITests */ = {
			isa = PBXGroup;
			children = (
				3A5A477D20259D5E004FE06D /* NamitUITests.swift */,
				3A5A477F20259D5E004FE06D /* Info.plist */,
			);
			path = NamitUITests;
			sourceTree = "<group>";
		};
		3A6BA98520527D1100E48B60 /* EditPlayers */ = {
			isa = PBXGroup;
			children = (
				3A6BA98620527D7000E48B60 /* PlayerSelectionView.swift */,
				3A1063B5205BC74C00C0A213 /* CoreDataHelper.swift */,
				3A1063B7205BC75B00C0A213 /* CenterViewFlowLayout.swift */,
			);
			path = EditPlayers;
			sourceTree = "<group>";
		};
		3A79BC692064955F0035DDBF /* Wecome */ = {
			isa = PBXGroup;
			children = (
				3A79BC6A206495690035DDBF /* WelcomeViewController.swift */,
			);
			path = Wecome;
			sourceTree = "<group>";
		};
		5CA9F650FB8D49D92CA7E5A5 /* Pods */ = {
			isa = PBXGroup;
			children = (
				15C0628D1C26A3B5DEC7FD4E /* Pods-Namit.debug.xcconfig */,
				89E816B5FFB1E51A8E774F52 /* Pods-Namit.release.xcconfig */,
				FB45EB19197DF0A9D3A50ABB /* Pods-NamitTests.debug.xcconfig */,
				444F975ED60294D165AC8BD5 /* Pods-NamitTests.release.xcconfig */,
				964434B3F5CB49DA50CD6CA0 /* Pods-NamitUITests.debug.xcconfig */,
				5F22947EE58B5F9DA504F04D /* Pods-NamitUITests.release.xcconfig */,
			);
			name = Pods;
			sourceTree = "<group>";
		};
		65D0DDE75EDFD123D7725EFA /* Frameworks */ = {
			isa = PBXGroup;
			children = (
				B16FEC703CD359314FDFB77C /* Pods_Namit.framework */,
				CE0F73F034B9410ABF352E13 /* Pods_NamitTests.framework */,
				39E68D382F3D7AC63262277F /* Pods_NamitUITests.framework */,
			);
			name = Frameworks;
			sourceTree = "<group>";
		};
/* End PBXGroup section */

/* Begin PBXNativeTarget section */
		3A5A475620259D5E004FE06D /* Namit */ = {
			isa = PBXNativeTarget;
			buildConfigurationList = 3A5A478220259D5E004FE06D /* Build configuration list for PBXNativeTarget "Namit" */;
			buildPhases = (
				ECC8A514EF95EBB362A7908A /* [CP] Check Pods Manifest.lock */,
				3A5A475320259D5E004FE06D /* Sources */,
				3A5A475420259D5E004FE06D /* Frameworks */,
				3A5A475520259D5E004FE06D /* Resources */,
				317C15138580BDE0859E1EC1 /* [CP] Embed Pods Frameworks */,
				62C07B07422DBC4C06DF70E1 /* [CP] Copy Pods Resources */,
			);
			buildRules = (
			);
			dependencies = (
			);
			name = Namit;
			productName = Namit;
			productReference = 3A5A475720259D5E004FE06D /* Namit.app */;
			productType = "com.apple.product-type.application";
		};
		3A5A476D20259D5E004FE06D /* NamitTests */ = {
			isa = PBXNativeTarget;
			buildConfigurationList = 3A5A478520259D5E004FE06D /* Build configuration list for PBXNativeTarget "NamitTests" */;
			buildPhases = (
				A9AFE63D0B090C05F849BFB5 /* [CP] Check Pods Manifest.lock */,
				3A5A476A20259D5E004FE06D /* Sources */,
				3A5A476B20259D5E004FE06D /* Frameworks */,
				3A5A476C20259D5E004FE06D /* Resources */,
				ED83EF0330903B4913C12DEC /* [CP] Embed Pods Frameworks */,
				C9FF14E6D76009B527A495BE /* [CP] Copy Pods Resources */,
			);
			buildRules = (
			);
			dependencies = (
				3A5A477020259D5E004FE06D /* PBXTargetDependency */,
			);
			name = NamitTests;
			productName = NamitTests;
			productReference = 3A5A476E20259D5E004FE06D /* NamitTests.xctest */;
			productType = "com.apple.product-type.bundle.unit-test";
		};
		3A5A477820259D5E004FE06D /* NamitUITests */ = {
			isa = PBXNativeTarget;
			buildConfigurationList = 3A5A478820259D5E004FE06D /* Build configuration list for PBXNativeTarget "NamitUITests" */;
			buildPhases = (
				F8BDA12DB8540CED316F3E90 /* [CP] Check Pods Manifest.lock */,
				3A5A477520259D5E004FE06D /* Sources */,
				3A5A477620259D5E004FE06D /* Frameworks */,
				3A5A477720259D5E004FE06D /* Resources */,
				5FCBB0565C56349170F802F5 /* [CP] Embed Pods Frameworks */,
				0E0E60E72F7993E1C44CE299 /* [CP] Copy Pods Resources */,
			);
			buildRules = (
			);
			dependencies = (
				3A5A477B20259D5E004FE06D /* PBXTargetDependency */,
			);
			name = NamitUITests;
			productName = NamitUITests;
			productReference = 3A5A477920259D5E004FE06D /* NamitUITests.xctest */;
			productType = "com.apple.product-type.bundle.ui-testing";
		};
/* End PBXNativeTarget section */

/* Begin PBXProject section */
		3A5A474F20259D5E004FE06D /* Project object */ = {
			isa = PBXProject;
			attributes = {
				LastSwiftUpdateCheck = 0920;
				LastUpgradeCheck = 0920;
				ORGANIZATIONNAME = Mei;
				TargetAttributes = {
					3A5A475620259D5E004FE06D = {
						CreatedOnToolsVersion = 9.2;
						ProvisioningStyle = Automatic;
					};
					3A5A476D20259D5E004FE06D = {
						CreatedOnToolsVersion = 9.2;
						ProvisioningStyle = Automatic;
						TestTargetID = 3A5A475620259D5E004FE06D;
					};
					3A5A477820259D5E004FE06D = {
						CreatedOnToolsVersion = 9.2;
						ProvisioningStyle = Automatic;
						TestTargetID = 3A5A475620259D5E004FE06D;
					};
				};
			};
			buildConfigurationList = 3A5A475220259D5E004FE06D /* Build configuration list for PBXProject "Namit" */;
			compatibilityVersion = "Xcode 8.0";
			developmentRegion = en;
			hasScannedForEncodings = 0;
			knownRegions = (
				en,
				Base,
			);
			mainGroup = 3A5A474E20259D5E004FE06D;
			productRefGroup = 3A5A475820259D5E004FE06D /* Products */;
			projectDirPath = "";
			projectRoot = "";
			targets = (
				3A5A475620259D5E004FE06D /* Namit */,
				3A5A476D20259D5E004FE06D /* NamitTests */,
				3A5A477820259D5E004FE06D /* NamitUITests */,
			);
		};
/* End PBXProject section */

/* Begin PBXResourcesBuildPhase section */
		3A5A475520259D5E004FE06D /* Resources */ = {
			isa = PBXResourcesBuildPhase;
			buildActionMask = 2147483647;
			files = (
				3A5A476820259D5E004FE06D /* LaunchScreen.storyboard in Resources */,
				3AEB8683205FB77400192984 /* namit_tutorial_02.json in Resources */,
				3A10C530205E58E3004711E8 /* Viga-Regular.ttf in Resources */,
				3A85D7E32068842000EBF496 /* short_high.mp3 in Resources */,
				3A5A476020259D5E004FE06D /* Main.storyboard in Resources */,
				3A9CF75B205E61DE00E231CF /* Assets.xcassets in Resources */,
				3A1AE8BB205F4BEB001A761E /* short.mp3 in Resources */,
				3AEB867D205F863E00192984 /* heart_destroy.json in Resources */,
			);
			runOnlyForDeploymentPostprocessing = 0;
		};
		3A5A476C20259D5E004FE06D /* Resources */ = {
			isa = PBXResourcesBuildPhase;
			buildActionMask = 2147483647;
			files = (
			);
			runOnlyForDeploymentPostprocessing = 0;
		};
		3A5A477720259D5E004FE06D /* Resources */ = {
			isa = PBXResourcesBuildPhase;
			buildActionMask = 2147483647;
			files = (
			);
			runOnlyForDeploymentPostprocessing = 0;
		};
/* End PBXResourcesBuildPhase section */

/* Begin PBXShellScriptBuildPhase section */
		0E0E60E72F7993E1C44CE299 /* [CP] Copy Pods Resources */ = {
			isa = PBXShellScriptBuildPhase;
			buildActionMask = 2147483647;
			files = (
			);
			inputPaths = (
			);
			name = "[CP] Copy Pods Resources";
			outputPaths = (
			);
			runOnlyForDeploymentPostprocessing = 0;
			shellPath = /bin/sh;
			shellScript = "\"${SRCROOT}/Pods/Target Support Files/Pods-NamitUITests/Pods-NamitUITests-resources.sh\"\n";
			showEnvVarsInLog = 0;
		};
		317C15138580BDE0859E1EC1 /* [CP] Embed Pods Frameworks */ = {
			isa = PBXShellScriptBuildPhase;
			buildActionMask = 2147483647;
			files = (
			);
			inputPaths = (
				"${SRCROOT}/Pods/Target Support Files/Pods-Namit/Pods-Namit-frameworks.sh",
				"${BUILT_PRODUCTS_DIR}/SnapKit/SnapKit.framework",
				"${BUILT_PRODUCTS_DIR}/lottie-ios/Lottie.framework",
			);
			name = "[CP] Embed Pods Frameworks";
			outputPaths = (
				"${TARGET_BUILD_DIR}/${FRAMEWORKS_FOLDER_PATH}/SnapKit.framework",
				"${TARGET_BUILD_DIR}/${FRAMEWORKS_FOLDER_PATH}/Lottie.framework",
			);
			runOnlyForDeploymentPostprocessing = 0;
			shellPath = /bin/sh;
			shellScript = "\"${SRCROOT}/Pods/Target Support Files/Pods-Namit/Pods-Namit-frameworks.sh\"\n";
			showEnvVarsInLog = 0;
		};
		5FCBB0565C56349170F802F5 /* [CP] Embed Pods Frameworks */ = {
			isa = PBXShellScriptBuildPhase;
			buildActionMask = 2147483647;
			files = (
			);
			inputPaths = (
			);
			name = "[CP] Embed Pods Frameworks";
			outputPaths = (
			);
			runOnlyForDeploymentPostprocessing = 0;
			shellPath = /bin/sh;
			shellScript = "\"${SRCROOT}/Pods/Target Support Files/Pods-NamitUITests/Pods-NamitUITests-frameworks.sh\"\n";
			showEnvVarsInLog = 0;
		};
		62C07B07422DBC4C06DF70E1 /* [CP] Copy Pods Resources */ = {
			isa = PBXShellScriptBuildPhase;
			buildActionMask = 2147483647;
			files = (
			);
			inputPaths = (
			);
			name = "[CP] Copy Pods Resources";
			outputPaths = (
			);
			runOnlyForDeploymentPostprocessing = 0;
			shellPath = /bin/sh;
			shellScript = "\"${SRCROOT}/Pods/Target Support Files/Pods-Namit/Pods-Namit-resources.sh\"\n";
			showEnvVarsInLog = 0;
		};
		A9AFE63D0B090C05F849BFB5 /* [CP] Check Pods Manifest.lock */ = {
			isa = PBXShellScriptBuildPhase;
			buildActionMask = 2147483647;
			files = (
			);
			inputPaths = (
				"${PODS_PODFILE_DIR_PATH}/Podfile.lock",
				"${PODS_ROOT}/Manifest.lock",
			);
			name = "[CP] Check Pods Manifest.lock";
			outputPaths = (
				"$(DERIVED_FILE_DIR)/Pods-NamitTests-checkManifestLockResult.txt",
			);
			runOnlyForDeploymentPostprocessing = 0;
			shellPath = /bin/sh;
			shellScript = "diff \"${PODS_PODFILE_DIR_PATH}/Podfile.lock\" \"${PODS_ROOT}/Manifest.lock\" > /dev/null\nif [ $? != 0 ] ; then\n    # print error to STDERR\n    echo \"error: The sandbox is not in sync with the Podfile.lock. Run 'pod install' or update your CocoaPods installation.\" >&2\n    exit 1\nfi\n# This output is used by Xcode 'outputs' to avoid re-running this script phase.\necho \"SUCCESS\" > \"${SCRIPT_OUTPUT_FILE_0}\"\n";
			showEnvVarsInLog = 0;
		};
		C9FF14E6D76009B527A495BE /* [CP] Copy Pods Resources */ = {
			isa = PBXShellScriptBuildPhase;
			buildActionMask = 2147483647;
			files = (
			);
			inputPaths = (
			);
			name = "[CP] Copy Pods Resources";
			outputPaths = (
			);
			runOnlyForDeploymentPostprocessing = 0;
			shellPath = /bin/sh;
			shellScript = "\"${SRCROOT}/Pods/Target Support Files/Pods-NamitTests/Pods-NamitTests-resources.sh\"\n";
			showEnvVarsInLog = 0;
		};
		ECC8A514EF95EBB362A7908A /* [CP] Check Pods Manifest.lock */ = {
			isa = PBXShellScriptBuildPhase;
			buildActionMask = 2147483647;
			files = (
			);
			inputPaths = (
				"${PODS_PODFILE_DIR_PATH}/Podfile.lock",
				"${PODS_ROOT}/Manifest.lock",
			);
			name = "[CP] Check Pods Manifest.lock";
			outputPaths = (
				"$(DERIVED_FILE_DIR)/Pods-Namit-checkManifestLockResult.txt",
			);
			runOnlyForDeploymentPostprocessing = 0;
			shellPath = /bin/sh;
			shellScript = "diff \"${PODS_PODFILE_DIR_PATH}/Podfile.lock\" \"${PODS_ROOT}/Manifest.lock\" > /dev/null\nif [ $? != 0 ] ; then\n    # print error to STDERR\n    echo \"error: The sandbox is not in sync with the Podfile.lock. Run 'pod install' or update your CocoaPods installation.\" >&2\n    exit 1\nfi\n# This output is used by Xcode 'outputs' to avoid re-running this script phase.\necho \"SUCCESS\" > \"${SCRIPT_OUTPUT_FILE_0}\"\n";
			showEnvVarsInLog = 0;
		};
		ED83EF0330903B4913C12DEC /* [CP] Embed Pods Frameworks */ = {
			isa = PBXShellScriptBuildPhase;
			buildActionMask = 2147483647;
			files = (
			);
			inputPaths = (
			);
			name = "[CP] Embed Pods Frameworks";
			outputPaths = (
			);
			runOnlyForDeploymentPostprocessing = 0;
			shellPath = /bin/sh;
			shellScript = "\"${SRCROOT}/Pods/Target Support Files/Pods-NamitTests/Pods-NamitTests-frameworks.sh\"\n";
			showEnvVarsInLog = 0;
		};
		F8BDA12DB8540CED316F3E90 /* [CP] Check Pods Manifest.lock */ = {
			isa = PBXShellScriptBuildPhase;
			buildActionMask = 2147483647;
			files = (
			);
			inputPaths = (
				"${PODS_PODFILE_DIR_PATH}/Podfile.lock",
				"${PODS_ROOT}/Manifest.lock",
			);
			name = "[CP] Check Pods Manifest.lock";
			outputPaths = (
				"$(DERIVED_FILE_DIR)/Pods-NamitUITests-checkManifestLockResult.txt",
			);
			runOnlyForDeploymentPostprocessing = 0;
			shellPath = /bin/sh;
			shellScript = "diff \"${PODS_PODFILE_DIR_PATH}/Podfile.lock\" \"${PODS_ROOT}/Manifest.lock\" > /dev/null\nif [ $? != 0 ] ; then\n    # print error to STDERR\n    echo \"error: The sandbox is not in sync with the Podfile.lock. Run 'pod install' or update your CocoaPods installation.\" >&2\n    exit 1\nfi\n# This output is used by Xcode 'outputs' to avoid re-running this script phase.\necho \"SUCCESS\" > \"${SCRIPT_OUTPUT_FILE_0}\"\n";
			showEnvVarsInLog = 0;
		};
/* End PBXShellScriptBuildPhase section */

/* Begin PBXSourcesBuildPhase section */
		3A5A475320259D5E004FE06D /* Sources */ = {
			isa = PBXSourcesBuildPhase;
			buildActionMask = 2147483647;
			files = (
				3A6BA98720527D7000E48B60 /* PlayerSelectionView.swift in Sources */,
				3A79BC6B206495690035DDBF /* WelcomeViewController.swift in Sources */,
				3A1063B8205BC75B00C0A213 /* CenterViewFlowLayout.swift in Sources */,
				3A1EF121203001B7003EE131 /* Audio.swift in Sources */,
				3A5A475D20259D5E004FE06D /* ViewController.swift in Sources */,
				3A3FF21C20267FBC00707BEF /* ruleVC.swift in Sources */,
				3A411BCB2058DE02005ACA8B /* Person.swift in Sources */,
				3AB0F5262059D2BE00CFF704 /* WinnerVC.swift in Sources */,
				3A3103C52026833700253DE8 /* playVC.swift in Sources */,
				3AA43C9A2026DBBB00D98218 /* Time.swift in Sources */,
				3A1063B6205BC74C00C0A213 /* CoreDataHelper.swift in Sources */,
				3A5A478C2025A47A004FE06D /* settingVC.swift in Sources */,
				3A5A475B20259D5E004FE06D /* AppDelegate.swift in Sources */,
				3A3B90DA202AB56500C80C5F /* detailTableView.swift in Sources */,
				3A79BC68206491BF0035DDBF /* WebViewController.swift in Sources */,
				3A5A476320259D5E004FE06D /* Namit.xcdatamodeld in Sources */,
			);
			runOnlyForDeploymentPostprocessing = 0;
		};
		3A5A476A20259D5E004FE06D /* Sources */ = {
			isa = PBXSourcesBuildPhase;
			buildActionMask = 2147483647;
			files = (
				3A5A477320259D5E004FE06D /* NamitTests.swift in Sources */,
			);
			runOnlyForDeploymentPostprocessing = 0;
		};
		3A5A477520259D5E004FE06D /* Sources */ = {
			isa = PBXSourcesBuildPhase;
			buildActionMask = 2147483647;
			files = (
				3A5A477E20259D5E004FE06D /* NamitUITests.swift in Sources */,
			);
			runOnlyForDeploymentPostprocessing = 0;
		};
/* End PBXSourcesBuildPhase section */

/* Begin PBXTargetDependency section */
		3A5A477020259D5E004FE06D /* PBXTargetDependency */ = {
			isa = PBXTargetDependency;
			target = 3A5A475620259D5E004FE06D /* Namit */;
			targetProxy = 3A5A476F20259D5E004FE06D /* PBXContainerItemProxy */;
		};
		3A5A477B20259D5E004FE06D /* PBXTargetDependency */ = {
			isa = PBXTargetDependency;
			target = 3A5A475620259D5E004FE06D /* Namit */;
			targetProxy = 3A5A477A20259D5E004FE06D /* PBXContainerItemProxy */;
		};
/* End PBXTargetDependency section */

/* Begin PBXVariantGroup section */
		3A5A475E20259D5E004FE06D /* Main.storyboard */ = {
			isa = PBXVariantGroup;
			children = (
				3A5A475F20259D5E004FE06D /* Base */,
			);
			name = Main.storyboard;
			sourceTree = "<group>";
		};
		3A5A476620259D5E004FE06D /* LaunchScreen.storyboard */ = {
			isa = PBXVariantGroup;
			children = (
				3A5A476720259D5E004FE06D /* Base */,
			);
			name = LaunchScreen.storyboard;
			sourceTree = "<group>";
		};
/* End PBXVariantGroup section */

/* Begin XCBuildConfiguration section */
		3A5A478020259D5E004FE06D /* Debug */ = {
			isa = XCBuildConfiguration;
			buildSettings = {
				ALWAYS_SEARCH_USER_PATHS = NO;
				CLANG_ANALYZER_NONNULL = YES;
				CLANG_ANALYZER_NUMBER_OBJECT_CONVERSION = YES_AGGRESSIVE;
				CLANG_CXX_LANGUAGE_STANDARD = "gnu++14";
				CLANG_CXX_LIBRARY = "libc++";
				CLANG_ENABLE_MODULES = YES;
				CLANG_ENABLE_OBJC_ARC = YES;
				CLANG_WARN_BLOCK_CAPTURE_AUTORELEASING = YES;
				CLANG_WARN_BOOL_CONVERSION = YES;
				CLANG_WARN_COMMA = YES;
				CLANG_WARN_CONSTANT_CONVERSION = YES;
				CLANG_WARN_DIRECT_OBJC_ISA_USAGE = YES_ERROR;
				CLANG_WARN_DOCUMENTATION_COMMENTS = YES;
				CLANG_WARN_EMPTY_BODY = YES;
				CLANG_WARN_ENUM_CONVERSION = YES;
				CLANG_WARN_INFINITE_RECURSION = YES;
				CLANG_WARN_INT_CONVERSION = YES;
				CLANG_WARN_NON_LITERAL_NULL_CONVERSION = YES;
				CLANG_WARN_OBJC_LITERAL_CONVERSION = YES;
				CLANG_WARN_OBJC_ROOT_CLASS = YES_ERROR;
				CLANG_WARN_RANGE_LOOP_ANALYSIS = YES;
				CLANG_WARN_STRICT_PROTOTYPES = YES;
				CLANG_WARN_SUSPICIOUS_MOVE = YES;
				CLANG_WARN_UNGUARDED_AVAILABILITY = YES_AGGRESSIVE;
				CLANG_WARN_UNREACHABLE_CODE = YES;
				CLANG_WARN__DUPLICATE_METHOD_MATCH = YES;
				CODE_SIGN_IDENTITY = "iPhone Developer";
				COPY_PHASE_STRIP = NO;
				DEBUG_INFORMATION_FORMAT = dwarf;
				ENABLE_STRICT_OBJC_MSGSEND = YES;
				ENABLE_TESTABILITY = YES;
				GCC_C_LANGUAGE_STANDARD = gnu11;
				GCC_DYNAMIC_NO_PIC = NO;
				GCC_NO_COMMON_BLOCKS = YES;
				GCC_OPTIMIZATION_LEVEL = 0;
				GCC_PREPROCESSOR_DEFINITIONS = (
					"DEBUG=1",
					"$(inherited)",
				);
				GCC_WARN_64_TO_32_BIT_CONVERSION = YES;
				GCC_WARN_ABOUT_RETURN_TYPE = YES_ERROR;
				GCC_WARN_UNDECLARED_SELECTOR = YES;
				GCC_WARN_UNINITIALIZED_AUTOS = YES_AGGRESSIVE;
				GCC_WARN_UNUSED_FUNCTION = YES;
				GCC_WARN_UNUSED_VARIABLE = YES;
				IPHONEOS_DEPLOYMENT_TARGET = 11.2;
				MTL_ENABLE_DEBUG_INFO = YES;
				ONLY_ACTIVE_ARCH = YES;
				SDKROOT = iphoneos;
				SWIFT_ACTIVE_COMPILATION_CONDITIONS = DEBUG;
				SWIFT_OPTIMIZATION_LEVEL = "-Onone";
			};
			name = Debug;
		};
		3A5A478120259D5E004FE06D /* Release */ = {
			isa = XCBuildConfiguration;
			buildSettings = {
				ALWAYS_SEARCH_USER_PATHS = NO;
				CLANG_ANALYZER_NONNULL = YES;
				CLANG_ANALYZER_NUMBER_OBJECT_CONVERSION = YES_AGGRESSIVE;
				CLANG_CXX_LANGUAGE_STANDARD = "gnu++14";
				CLANG_CXX_LIBRARY = "libc++";
				CLANG_ENABLE_MODULES = YES;
				CLANG_ENABLE_OBJC_ARC = YES;
				CLANG_WARN_BLOCK_CAPTURE_AUTORELEASING = YES;
				CLANG_WARN_BOOL_CONVERSION = YES;
				CLANG_WARN_COMMA = YES;
				CLANG_WARN_CONSTANT_CONVERSION = YES;
				CLANG_WARN_DIRECT_OBJC_ISA_USAGE = YES_ERROR;
				CLANG_WARN_DOCUMENTATION_COMMENTS = YES;
				CLANG_WARN_EMPTY_BODY = YES;
				CLANG_WARN_ENUM_CONVERSION = YES;
				CLANG_WARN_INFINITE_RECURSION = YES;
				CLANG_WARN_INT_CONVERSION = YES;
				CLANG_WARN_NON_LITERAL_NULL_CONVERSION = YES;
				CLANG_WARN_OBJC_LITERAL_CONVERSION = YES;
				CLANG_WARN_OBJC_ROOT_CLASS = YES_ERROR;
				CLANG_WARN_RANGE_LOOP_ANALYSIS = YES;
				CLANG_WARN_STRICT_PROTOTYPES = YES;
				CLANG_WARN_SUSPICIOUS_MOVE = YES;
				CLANG_WARN_UNGUARDED_AVAILABILITY = YES_AGGRESSIVE;
				CLANG_WARN_UNREACHABLE_CODE = YES;
				CLANG_WARN__DUPLICATE_METHOD_MATCH = YES;
				CODE_SIGN_IDENTITY = "iPhone Developer";
				COPY_PHASE_STRIP = NO;
				DEBUG_INFORMATION_FORMAT = "dwarf-with-dsym";
				ENABLE_NS_ASSERTIONS = NO;
				ENABLE_STRICT_OBJC_MSGSEND = YES;
				GCC_C_LANGUAGE_STANDARD = gnu11;
				GCC_NO_COMMON_BLOCKS = YES;
				GCC_WARN_64_TO_32_BIT_CONVERSION = YES;
				GCC_WARN_ABOUT_RETURN_TYPE = YES_ERROR;
				GCC_WARN_UNDECLARED_SELECTOR = YES;
				GCC_WARN_UNINITIALIZED_AUTOS = YES_AGGRESSIVE;
				GCC_WARN_UNUSED_FUNCTION = YES;
				GCC_WARN_UNUSED_VARIABLE = YES;
				IPHONEOS_DEPLOYMENT_TARGET = 11.2;
				MTL_ENABLE_DEBUG_INFO = NO;
				SDKROOT = iphoneos;
				SWIFT_OPTIMIZATION_LEVEL = "-Owholemodule";
				VALIDATE_PRODUCT = YES;
			};
			name = Release;
		};
		3A5A478320259D5E004FE06D /* Debug */ = {
			isa = XCBuildConfiguration;
			baseConfigurationReference = 15C0628D1C26A3B5DEC7FD4E /* Pods-Namit.debug.xcconfig */;
			buildSettings = {
				ASSETCATALOG_COMPILER_APPICON_NAME = AppIcon;
				"CODE_SIGN_IDENTITY[sdk=iphoneos*]" = "iPhone Developer";
				CODE_SIGN_STYLE = Automatic;
				DEVELOPMENT_TEAM = V5KYEP5U7A;
				FRAMEWORK_SEARCH_PATHS = (
					"$(inherited)",
					"$(PROJECT_DIR)/Namit",
				);
				INFOPLIST_FILE = Namit/Info.plist;
				IPHONEOS_DEPLOYMENT_TARGET = 11.0;
				LD_RUNPATH_SEARCH_PATHS = "$(inherited) @executable_path/Frameworks";
				PRODUCT_BUNDLE_IDENTIFIER = Mei.Namit;
				PRODUCT_NAME = "$(TARGET_NAME)";
				PROVISIONING_PROFILE_SPECIFIER = "";
				SWIFT_VERSION = 4.0;
				TARGETED_DEVICE_FAMILY = "1,2";
			};
			name = Debug;
		};
		3A5A478420259D5E004FE06D /* Release */ = {
			isa = XCBuildConfiguration;
			baseConfigurationReference = 89E816B5FFB1E51A8E774F52 /* Pods-Namit.release.xcconfig */;
			buildSettings = {
				ASSETCATALOG_COMPILER_APPICON_NAME = AppIcon;
				"CODE_SIGN_IDENTITY[sdk=iphoneos*]" = "iPhone Developer";
				CODE_SIGN_STYLE = Automatic;
				DEVELOPMENT_TEAM = V5KYEP5U7A;
				FRAMEWORK_SEARCH_PATHS = (
					"$(inherited)",
					"$(PROJECT_DIR)/Namit",
				);
				INFOPLIST_FILE = Namit/Info.plist;
				IPHONEOS_DEPLOYMENT_TARGET = 11.0;
				LD_RUNPATH_SEARCH_PATHS = "$(inherited) @executable_path/Frameworks";
				PRODUCT_BUNDLE_IDENTIFIER = Mei.Namit;
				PRODUCT_NAME = "$(TARGET_NAME)";
				PROVISIONING_PROFILE_SPECIFIER = "";
				SWIFT_VERSION = 4.0;
				TARGETED_DEVICE_FAMILY = "1,2";
			};
			name = Release;
		};
		3A5A478620259D5E004FE06D /* Debug */ = {
			isa = XCBuildConfiguration;
			baseConfigurationReference = FB45EB19197DF0A9D3A50ABB /* Pods-NamitTests.debug.xcconfig */;
			buildSettings = {
				ALWAYS_EMBED_SWIFT_STANDARD_LIBRARIES = YES;
				BUNDLE_LOADER = "$(TEST_HOST)";
				CODE_SIGN_STYLE = Automatic;
				DEVELOPMENT_TEAM = V5KYEP5U7A;
				INFOPLIST_FILE = NamitTests/Info.plist;
				LD_RUNPATH_SEARCH_PATHS = "$(inherited) @executable_path/Frameworks @loader_path/Frameworks";
				PRODUCT_BUNDLE_IDENTIFIER = Mei.NamitTests;
				PRODUCT_NAME = "$(TARGET_NAME)";
				SWIFT_VERSION = 4.0;
				TARGETED_DEVICE_FAMILY = "1,2";
				TEST_HOST = "$(BUILT_PRODUCTS_DIR)/Namit.app/Namit";
			};
			name = Debug;
		};
		3A5A478720259D5E004FE06D /* Release */ = {
			isa = XCBuildConfiguration;
			baseConfigurationReference = 444F975ED60294D165AC8BD5 /* Pods-NamitTests.release.xcconfig */;
			buildSettings = {
				ALWAYS_EMBED_SWIFT_STANDARD_LIBRARIES = YES;
				BUNDLE_LOADER = "$(TEST_HOST)";
				CODE_SIGN_STYLE = Automatic;
				DEVELOPMENT_TEAM = V5KYEP5U7A;
				INFOPLIST_FILE = NamitTests/Info.plist;
				LD_RUNPATH_SEARCH_PATHS = "$(inherited) @executable_path/Frameworks @loader_path/Frameworks";
				PRODUCT_BUNDLE_IDENTIFIER = Mei.NamitTests;
				PRODUCT_NAME = "$(TARGET_NAME)";
				SWIFT_VERSION = 4.0;
				TARGETED_DEVICE_FAMILY = "1,2";
				TEST_HOST = "$(BUILT_PRODUCTS_DIR)/Namit.app/Namit";
			};
			name = Release;
		};
		3A5A478920259D5E004FE06D /* Debug */ = {
			isa = XCBuildConfiguration;
			baseConfigurationReference = 964434B3F5CB49DA50CD6CA0 /* Pods-NamitUITests.debug.xcconfig */;
			buildSettings = {
				ALWAYS_EMBED_SWIFT_STANDARD_LIBRARIES = YES;
				CODE_SIGN_STYLE = Automatic;
				DEVELOPMENT_TEAM = V5KYEP5U7A;
				INFOPLIST_FILE = NamitUITests/Info.plist;
				LD_RUNPATH_SEARCH_PATHS = "$(inherited) @executable_path/Frameworks @loader_path/Frameworks";
				PRODUCT_BUNDLE_IDENTIFIER = Mei.NamitUITests;
				PRODUCT_NAME = "$(TARGET_NAME)";
				SWIFT_VERSION = 4.0;
				TARGETED_DEVICE_FAMILY = "1,2";
				TEST_TARGET_NAME = Namit;
			};
			name = Debug;
		};
		3A5A478A20259D5E004FE06D /* Release */ = {
			isa = XCBuildConfiguration;
			baseConfigurationReference = 5F22947EE58B5F9DA504F04D /* Pods-NamitUITests.release.xcconfig */;
			buildSettings = {
				ALWAYS_EMBED_SWIFT_STANDARD_LIBRARIES = YES;
				CODE_SIGN_STYLE = Automatic;
				DEVELOPMENT_TEAM = V5KYEP5U7A;
				INFOPLIST_FILE = NamitUITests/Info.plist;
				LD_RUNPATH_SEARCH_PATHS = "$(inherited) @executable_path/Frameworks @loader_path/Frameworks";
				PRODUCT_BUNDLE_IDENTIFIER = Mei.NamitUITests;
				PRODUCT_NAME = "$(TARGET_NAME)";
				SWIFT_VERSION = 4.0;
				TARGETED_DEVICE_FAMILY = "1,2";
				TEST_TARGET_NAME = Namit;
			};
			name = Release;
		};
/* End XCBuildConfiguration section */

/* Begin XCConfigurationList section */
		3A5A475220259D5E004FE06D /* Build configuration list for PBXProject "Namit" */ = {
			isa = XCConfigurationList;
			buildConfigurations = (
				3A5A478020259D5E004FE06D /* Debug */,
				3A5A478120259D5E004FE06D /* Release */,
			);
			defaultConfigurationIsVisible = 0;
			defaultConfigurationName = Release;
		};
		3A5A478220259D5E004FE06D /* Build configuration list for PBXNativeTarget "Namit" */ = {
			isa = XCConfigurationList;
			buildConfigurations = (
				3A5A478320259D5E004FE06D /* Debug */,
				3A5A478420259D5E004FE06D /* Release */,
			);
			defaultConfigurationIsVisible = 0;
			defaultConfigurationName = Release;
		};
		3A5A478520259D5E004FE06D /* Build configuration list for PBXNativeTarget "NamitTests" */ = {
			isa = XCConfigurationList;
			buildConfigurations = (
				3A5A478620259D5E004FE06D /* Debug */,
				3A5A478720259D5E004FE06D /* Release */,
			);
			defaultConfigurationIsVisible = 0;
			defaultConfigurationName = Release;
		};
		3A5A478820259D5E004FE06D /* Build configuration list for PBXNativeTarget "NamitUITests" */ = {
			isa = XCConfigurationList;
			buildConfigurations = (
				3A5A478920259D5E004FE06D /* Debug */,
				3A5A478A20259D5E004FE06D /* Release */,
			);
			defaultConfigurationIsVisible = 0;
			defaultConfigurationName = Release;
		};
/* End XCConfigurationList section */

/* Begin XCVersionGroup section */
		3A5A476120259D5E004FE06D /* Namit.xcdatamodeld */ = {
			isa = XCVersionGroup;
			children = (
				3A5A476220259D5E004FE06D /* Namit.xcdatamodel */,
			);
			currentVersion = 3A5A476220259D5E004FE06D /* Namit.xcdatamodel */;
			path = Namit.xcdatamodeld;
			sourceTree = "<group>";
			versionGroupType = wrapper.xcdatamodel;
		};
/* End XCVersionGroup section */
	};
	rootObject = 3A5A474F20259D5E004FE06D /* Project object */;
}
